PODS:
  - CocoaAsyncSocket (7.6.5)
  - DNKLANIoT (1.0.1):
    - CocoaAsyncSocket

DEPENDENCIES:
  - DNKLANIoT

SPEC REPOS:
  https://github.com/CocoaPods/Specs.git:
    - CocoaAsyncSocket
  https://github.com/dnakeyun/dnake-specs.git:
    - DNKLANIoT

SPEC CHECKSUMS:
  CocoaAsyncSocket: 065fd1e645c7abab64f7a6a2007a48038fdc6a99
  DNKLANIoT: 8a6ad457a74187ec798b90c5f0b6ce38f8ab6123

PODFILE CHECKSUM: 91fcee7e383480dc604f2b3a98d13d66f879e9d2

COCOAPODS: 1.11.3
